
Microsoft Visual Studio Solution File, Format Version 12.00
# Visual Studio Version 17
VisualStudioVersion = 17.4.33122.133
MinimumVisualStudioVersion = 10.0.40219.1
Project("{FAE04EC0-301F-11D3-BF4B-00C04F79EFBC}") = "HR-System-Assignment", "HR-System-Assignment\HR-System-Assignment.csproj", "{5D8BC595-C6A4-482E-8327-7C680200F1DC}"
EndProject
Global
	GlobalSection(SolutionConfigurationPlatforms) = preSolution
		Debug|Any CPU = Debug|Any CPU
		Release|Any CPU = Release|Any CPU
	EndGlobalSection
	GlobalSection(ProjectConfigurationPlatforms) = postSolution
		{5D8BC595-C6A4-482E-8327-7C680200F1DC}.Debug|Any CPU.ActiveCfg = Debug|Any CPU
		{5D8BC595-C6A4-482E-8327-7C680200F1DC}.Debug|Any CPU.Build.0 = Debug|Any CPU
		{5D8BC595-C6A4-482E-8327-7C680200F1DC}.Release|Any CPU.ActiveCfg = Release|Any CPU
		{5D8BC595-C6A4-482E-8327-7C680200F1DC}.Release|Any CPU.Build.0 = Release|Any CPU
	EndGlobalSection
	GlobalSection(SolutionProperties) = preSolution
		HideSolutionNode = FALSE
	EndGlobalSection
	GlobalSection(ExtensibilityGlobals) = postSolution
		SolutionGuid = {95CFA48A-3443-4A74-BD81-3CE28B06DF7D}
	EndGlobalSection
EndGlobal
